// !$*UTF8*$!
{
	archiveVersion = 1;
	classes = {
	};
	objectVersion = 56;
	objects = {

/* Begin PBXBuildFile section */
		406ECBBA2BCAAE0E00382BDA /* AppDelegate.swift in Sources */ = {isa = PBXBuildFile; fileRef = 406ECBB92BCAAE0E00382BDA /* AppDelegate.swift */; };
		406ECBBE2BCAAE0E00382BDA /* WeatherVC.swift in Sources */ = {isa = PBXBuildFile; fileRef = 406ECBBD2BCAAE0E00382BDA /* WeatherVC.swift */; };
		406ECBC32BCAAE0F00382BDA /* Assets.xcassets in Resources */ = {isa = PBXBuildFile; fileRef = 406ECBC22BCAAE0F00382BDA /* Assets.xcassets */; };
		406ECBC62BCAAE0F00382BDA /* LaunchScreen.storyboard in Resources */ = {isa = PBXBuildFile; fileRef = 406ECBC42BCAAE0F00382BDA /* LaunchScreen.storyboard */; };
		406ECBCF2BCAAE3300382BDA /* SnapKit in Frameworks */ = {isa = PBXBuildFile; productRef = 406ECBCE2BCAAE3300382BDA /* SnapKit */; };
		406ECBD12BCAAE3300382BDA /* SnapKit-Dynamic in Frameworks */ = {isa = PBXBuildFile; productRef = 406ECBD02BCAAE3300382BDA /* SnapKit-Dynamic */; };
		406ECBD32BCAB14F00382BDA /* NetworkManager.swift in Sources */ = {isa = PBXBuildFile; fileRef = 406ECBD22BCAB14F00382BDA /* NetworkManager.swift */; };
		40BB35EE2BD7792B0094095D /* WelcomeVC.swift in Sources */ = {isa = PBXBuildFile; fileRef = 40BB35ED2BD7792B0094095D /* WelcomeVC.swift */; };
/* End PBXBuildFile section */

/* Begin PBXFileReference section */
		406ECBB62BCAAE0E00382BDA /* WEATHER PROJECT.app */ = {isa = PBXFileReference; explicitFileType = wrapper.application; includeInIndex = 0; path = "WEATHER PROJECT.app"; sourceTree = BUILT_PRODUCTS_DIR; };
		406ECBB92BCAAE0E00382BDA /* AppDelegate.swift */ = {isa = PBXFileReference; lastKnownFileType = sourcecode.swift; path = AppDelegate.swift; sourceTree = "<group>"; };
		406ECBBD2BCAAE0E00382BDA /* WeatherVC.swift */ = {isa = PBXFileReference; lastKnownFileType = sourcecode.swift; path = WeatherVC.swift; sourceTree = "<group>"; };
		406ECBC22BCAAE0F00382BDA /* Assets.xcassets */ = {isa = PBXFileReference; lastKnownFileType = folder.assetcatalog; path = Assets.xcassets; sourceTree = "<group>"; };
		406ECBC52BCAAE0F00382BDA /* Base */ = {isa = PBXFileReference; lastKnownFileType = file.storyboard; name = Base; path = Base.lproj/LaunchScreen.storyboard; sourceTree = "<group>"; };
		406ECBC72BCAAE0F00382BDA /* Info.plist */ = {isa = PBXFileReference; lastKnownFileType = text.plist.xml; path = Info.plist; sourceTree = "<group>"; };
		406ECBD22BCAB14F00382BDA /* NetworkManager.swift */ = {isa = PBXFileReference; lastKnownFileType = sourcecode.swift; path = NetworkManager.swift; sourceTree = "<group>"; };
		40BB35ED2BD7792B0094095D /* WelcomeVC.swift */ = {isa = PBXFileReference; lastKnownFileType = sourcecode.swift; path = WelcomeVC.swift; sourceTree = "<group>"; };
/* End PBXFileReference section */

/* Begin PBXFrameworksBuildPhase section */
		406ECBB32BCAAE0E00382BDA /* Frameworks */ = {
			isa = PBXFrameworksBuildPhase;
			buildActionMask = 2147483647;
			files = (
				406ECBCF2BCAAE3300382BDA /* SnapKit in Frameworks */,
				406ECBD12BCAAE3300382BDA /* SnapKit-Dynamic in Frameworks */,
			);
			runOnlyForDeploymentPostprocessing = 0;
		};
/* End PBXFrameworksBuildPhase section */

/* Begin PBXGroup section */
		406ECBAD2BCAAE0E00382BDA = {
			isa = PBXGroup;
			children = (
				406ECBB82BCAAE0E00382BDA /* WEATHER PROJECT */,
				406ECBB72BCAAE0E00382BDA /* Products */,
			);
			sourceTree = "<group>";
		};
		406ECBB72BCAAE0E00382BDA /* Products */ = {
			isa = PBXGroup;
			children = (
				406ECBB62BCAAE0E00382BDA /* WEATHER PROJECT.app */,
			);
			name = Products;
			sourceTree = "<group>";
		};
		406ECBB82BCAAE0E00382BDA /* WEATHER PROJECT */ = {
			isa = PBXGroup;
			children = (
				406ECBB92BCAAE0E00382BDA /* AppDelegate.swift */,
				40BB35ED2BD7792B0094095D /* WelcomeVC.swift */,
				406ECBBD2BCAAE0E00382BDA /* WeatherVC.swift */,
				406ECBD22BCAB14F00382BDA /* NetworkManager.swift */,
				406ECBC22BCAAE0F00382BDA /* Assets.xcassets */,
				406ECBC42BCAAE0F00382BDA /* LaunchScreen.storyboard */,
				406ECBC72BCAAE0F00382BDA /* Info.plist */,
			);
			path = "WEATHER PROJECT";
			sourceTree = "<group>";
		};
/* End PBXGroup section */

/* Begin PBXNativeTarget section */
		406ECBB52BCAAE0E00382BDA /* WEATHER PROJECT */ = {
			isa = PBXNativeTarget;
			buildConfigurationList = 406ECBCA2BCAAE0F00382BDA /* Build configuration list for PBXNativeTarget "WEATHER PROJECT" */;
			buildPhases = (
				406ECBB22BCAAE0E00382BDA /* Sources */,
				406ECBB32BCAAE0E00382BDA /* Frameworks */,
				406ECBB42BCAAE0E00382BDA /* Resources */,
			);
			buildRules = (
			);
			dependencies = (
			);
			name = "WEATHER PROJECT";
			packageProductDependencies = (
				406ECBCE2BCAAE3300382BDA /* SnapKit */,
				406ECBD02BCAAE3300382BDA /* SnapKit-Dynamic */,
			);
			productName = "WEATHER PROJECT";
			productReference = 406ECBB62BCAAE0E00382BDA /* WEATHER PROJECT.app */;
			productType = "com.apple.product-type.application";
		};
/* End PBXNativeTarget section */

/* Begin PBXProject section */
		406ECBAE2BCAAE0E00382BDA /* Project object */ = {
			isa = PBXProject;
			attributes = {
				BuildIndependentTargetsInParallel = 1;
				LastSwiftUpdateCheck = 1520;
				LastUpgradeCheck = 1520;
				TargetAttributes = {
					406ECBB52BCAAE0E00382BDA = {
						CreatedOnToolsVersion = 15.2;
					};
				};
			};
			buildConfigurationList = 406ECBB12BCAAE0E00382BDA /* Build configuration list for PBXProject "WEATHER PROJECT" */;
			compatibilityVersion = "Xcode 14.0";
			developmentRegion = en;
			hasScannedForEncodings = 0;
			knownRegions = (
				en,
				Base,
			);
			mainGroup = 406ECBAD2BCAAE0E00382BDA;
			packageReferences = (
				406ECBCD2BCAAE3300382BDA /* XCRemoteSwiftPackageReference "SnapKit" */,
			);
			productRefGroup = 406ECBB72BCAAE0E00382BDA /* Products */;
			projectDirPath = "";
			projectRoot = "";
			targets = (
				406ECBB52BCAAE0E00382BDA /* WEATHER PROJECT */,
			);
		};
/* End PBXProject section */

/* Begin PBXResourcesBuildPhase section */
		406ECBB42BCAAE0E00382BDA /* Resources */ = {
			isa = PBXResourcesBuildPhase;
			buildActionMask = 2147483647;
			files = (
				406ECBC62BCAAE0F00382BDA /* LaunchScreen.storyboard in Resources */,
				406ECBC32BCAAE0F00382BDA /* Assets.xcassets in Resources */,
			);
			runOnlyForDeploymentPostprocessing = 0;
		};
/* End PBXResourcesBuildPhase section */

/* Begin PBXSourcesBuildPhase section */
		406ECBB22BCAAE0E00382BDA /* Sources */ = {
			isa = PBXSourcesBuildPhase;
			buildActionMask = 2147483647;
			files = (
				406ECBD32BCAB14F00382BDA /* NetworkManager.swift in Sources */,
				406ECBBE2BCAAE0E00382BDA /* WeatherVC.swift in Sources */,
				406ECBBA2BCAAE0E00382BDA /* AppDelegate.swift in Sources */,
				40BB35EE2BD7792B0094095D /* WelcomeVC.swift in Sources */,
			);
			runOnlyForDeploymentPostprocessing = 0;
		};
/* End PBXSourcesBuildPhase section */

/* Begin PBXVariantGroup section */
		406ECBC42BCAAE0F00382BDA /* LaunchScreen.storyboard */ = {
			isa = PBXVariantGroup;
			children = (
				406ECBC52BCAAE0F00382BDA /* Base */,
			);
			name = LaunchScreen.storyboard;
			sourceTree = "<group>";
		};
/* End PBXVariantGroup section */

/* Begin XCBuildConfiguration section */
		406ECBC82BCAAE0F00382BDA /* Debug */ = {
			isa = XCBuildConfiguration;
			buildSettings = {
				ALWAYS_SEARCH_USER_PATHS = NO;
				ASSETCATALOG_COMPILER_GENERATE_SWIFT_ASSET_SYMBOL_EXTENSIONS = YES;
				CLANG_ANALYZER_NONNULL = YES;
				CLANG_ANALYZER_NUMBER_OBJECT_CONVERSION = YES_AGGRESSIVE;
				CLANG_CXX_LANGUAGE_STANDARD = "gnu++20";
				CLANG_ENABLE_MODULES = YES;
				CLANG_ENABLE_OBJC_ARC = YES;
				CLANG_ENABLE_OBJC_WEAK = YES;
				CLANG_WARN_BLOCK_CAPTURE_AUTORELEASING = YES;
				CLANG_WARN_BOOL_CONVERSION = YES;
				CLANG_WARN_COMMA = YES;
				CLANG_WARN_CONSTANT_CONVERSION = YES;
				CLANG_WARN_DEPRECATED_OBJC_IMPLEMENTATIONS = YES;
				CLANG_WARN_DIRECT_OBJC_ISA_USAGE = YES_ERROR;
				CLANG_WARN_DOCUMENTATION_COMMENTS = YES;
				CLANG_WARN_EMPTY_BODY = YES;
				CLANG_WARN_ENUM_CONVERSION = YES;
				CLANG_WARN_INFINITE_RECURSION = YES;
				CLANG_WARN_INT_CONVERSION = YES;
				CLANG_WARN_NON_LITERAL_NULL_CONVERSION = YES;
				CLANG_WARN_OBJC_IMPLICIT_RETAIN_SELF = YES;
				CLANG_WARN_OBJC_LITERAL_CONVERSION = YES;
				CLANG_WARN_OBJC_ROOT_CLASS = YES_ERROR;
				CLANG_WARN_QUOTED_INCLUDE_IN_FRAMEWORK_HEADER = YES;
				CLANG_WARN_RANGE_LOOP_ANALYSIS = YES;
				CLANG_WARN_STRICT_PROTOTYPES = YES;
				CLANG_WARN_SUSPICIOUS_MOVE = YES;
				CLANG_WARN_UNGUARDED_AVAILABILITY = YES_AGGRESSIVE;
				CLANG_WARN_UNREACHABLE_CODE = YES;
				CLANG_WARN__DUPLICATE_METHOD_MATCH = YES;
				COPY_PHASE_STRIP = NO;
				DEBUG_INFORMATION_FORMAT = dwarf;
				ENABLE_STRICT_OBJC_MSGSEND = YES;
				ENABLE_TESTABILITY = YES;
				ENABLE_USER_SCRIPT_SANDBOXING = YES;
				GCC_C_LANGUAGE_STANDARD = gnu17;
				GCC_DYNAMIC_NO_PIC = NO;
				GCC_NO_COMMON_BLOCKS = YES;
				GCC_OPTIMIZATION_LEVEL = 0;
				GCC_PREPROCESSOR_DEFINITIONS = (
					"DEBUG=1",
					"$(inherited)",
				);
				GCC_WARN_64_TO_32_BIT_CONVERSION = YES;
				GCC_WARN_ABOUT_RETURN_TYPE = YES_ERROR;
				GCC_WARN_UNDECLARED_SELECTOR = YES;
				GCC_WARN_UNINITIALIZED_AUTOS = YES_AGGRESSIVE;
				GCC_WARN_UNUSED_FUNCTION = YES;
				GCC_WARN_UNUSED_VARIABLE = YES;
				IPHONEOS_DEPLOYMENT_TARGET = 17.2;
				LOCALIZATION_PREFERS_STRING_CATALOGS = YES;
				MTL_ENABLE_DEBUG_INFO = INCLUDE_SOURCE;
				MTL_FAST_MATH = YES;
				ONLY_ACTIVE_ARCH = YES;
				SDKROOT = iphoneos;
				SWIFT_ACTIVE_COMPILATION_CONDITIONS = "DEBUG $(inherited)";
				SWIFT_OPTIMIZATION_LEVEL = "-Onone";
			};
			name = Debug;
		};
		406ECBC92BCAAE0F00382BDA /* Release */ = {
			isa = XCBuildConfiguration;
			buildSettings = {
				ALWAYS_SEARCH_USER_PATHS = NO;
				ASSETCATALOG_COMPILER_GENERATE_SWIFT_ASSET_SYMBOL_EXTENSIONS = YES;
				CLANG_ANALYZER_NONNULL = YES;
				CLANG_ANALYZER_NUMBER_OBJECT_CONVERSION = YES_AGGRESSIVE;
				CLANG_CXX_LANGUAGE_STANDARD = "gnu++20";
				CLANG_ENABLE_MODULES = YES;
				CLANG_ENABLE_OBJC_ARC = YES;
				CLANG_ENABLE_OBJC_WEAK = YES;
				CLANG_WARN_BLOCK_CAPTURE_AUTORELEASING = YES;
				CLANG_WARN_BOOL_CONVERSION = YES;
				CLANG_WARN_COMMA = YES;
				CLANG_WARN_CONSTANT_CONVERSION = YES;
				CLANG_WARN_DEPRECATED_OBJC_IMPLEMENTATIONS = YES;
				CLANG_WARN_DIRECT_OBJC_ISA_USAGE = YES_ERROR;
				CLANG_WARN_DOCUMENTATION_COMMENTS = YES;
				CLANG_WARN_EMPTY_BODY = YES;
				CLANG_WARN_ENUM_CONVERSION = YES;
				CLANG_WARN_INFINITE_RECURSION = YES;
				CLANG_WARN_INT_CONVERSION = YES;
				CLANG_WARN_NON_LITERAL_NULL_CONVERSION = YES;
				CLANG_WARN_OBJC_IMPLICIT_RETAIN_SELF = YES;
				CLANG_WARN_OBJC_LITERAL_CONVERSION = YES;
				CLANG_WARN_OBJC_ROOT_CLASS = YES_ERROR;
				CLANG_WARN_QUOTED_INCLUDE_IN_FRAMEWORK_HEADER = YES;
				CLANG_WARN_RANGE_LOOP_ANALYSIS = YES;
				CLANG_WARN_STRICT_PROTOTYPES = YES;
				CLANG_WARN_SUSPICIOUS_MOVE = YES;
				CLANG_WARN_UNGUARDED_AVAILABILITY = YES_AGGRESSIVE;
				CLANG_WARN_UNREACHABLE_CODE = YES;
				CLANG_WARN__DUPLICATE_METHOD_MATCH = YES;
				COPY_PHASE_STRIP = NO;
				DEBUG_INFORMATION_FORMAT = "dwarf-with-dsym";
				ENABLE_NS_ASSERTIONS = NO;
				ENABLE_STRICT_OBJC_MSGSEND = YES;
				ENABLE_USER_SCRIPT_SANDBOXING = YES;
				GCC_C_LANGUAGE_STANDARD = gnu17;
				GCC_NO_COMMON_BLOCKS = YES;
				GCC_WARN_64_TO_32_BIT_CONVERSION = YES;
				GCC_WARN_ABOUT_RETURN_TYPE = YES_ERROR;
				GCC_WARN_UNDECLARED_SELECTOR = YES;
				GCC_WARN_UNINITIALIZED_AUTOS = YES_AGGRESSIVE;
				GCC_WARN_UNUSED_FUNCTION = YES;
				GCC_WARN_UNUSED_VARIABLE = YES;
				IPHONEOS_DEPLOYMENT_TARGET = 17.2;
				LOCALIZATION_PREFERS_STRING_CATALOGS = YES;
				MTL_ENABLE_DEBUG_INFO = NO;
				MTL_FAST_MATH = YES;
				SDKROOT = iphoneos;
				SWIFT_COMPILATION_MODE = wholemodule;
				VALIDATE_PRODUCT = YES;
			};
			name = Release;
		};
		406ECBCB2BCAAE0F00382BDA /* Debug */ = {
			isa = XCBuildConfiguration;
			buildSettings = {
				ASSETCATALOG_COMPILER_APPICON_NAME = AppIcon;
				ASSETCATALOG_COMPILER_GLOBAL_ACCENT_COLOR_NAME = AccentColor;
				CODE_SIGN_STYLE = Automatic;
				CURRENT_PROJECT_VERSION = 1;
				DEVELOPMENT_TEAM = 2KF4987Y6K;
				GENERATE_INFOPLIST_FILE = YES;
				INFOPLIST_FILE = "WEATHER PROJECT/Info.plist";
				INFOPLIST_KEY_UIApplicationSupportsIndirectInputEvents = YES;
				INFOPLIST_KEY_UILaunchStoryboardName = LaunchScreen;
				INFOPLIST_KEY_UISupportedInterfaceOrientations_iPad = "UIInterfaceOrientationPortrait UIInterfaceOrientationPortraitUpsideDown UIInterfaceOrientationLandscapeLeft UIInterfaceOrientationLandscapeRight";
				INFOPLIST_KEY_UISupportedInterfaceOrientations_iPhone = "UIInterfaceOrientationPortrait UIInterfaceOrientationLandscapeLeft UIInterfaceOrientationLandscapeRight";
				LD_RUNPATH_SEARCH_PATHS = (
					"$(inherited)",
					"@executable_path/Frameworks",
				);
				MARKETING_VERSION = 1.0;
				PRODUCT_BUNDLE_IDENTIFIER = "bk.WEATHER-PROJECT";
				PRODUCT_NAME = "$(TARGET_NAME)";
				SWIFT_EMIT_LOC_STRINGS = YES;
				SWIFT_VERSION = 5.0;
				TARGETED_DEVICE_FAMILY = "1,2";
			};
			name = Debug;
		};
		406ECBCC2BCAAE0F00382BDA /* Release */ = {
			isa = XCBuildConfiguration;
			buildSettings = {
				ASSETCATALOG_COMPILER_APPICON_NAME = AppIcon;
				ASSETCATALOG_COMPILER_GLOBAL_ACCENT_COLOR_NAME = AccentColor;
				CODE_SIGN_STYLE = Automatic;
				CURRENT_PROJECT_VERSION = 1;
				DEVELOPMENT_TEAM = 2KF4987Y6K;
				GENERATE_INFOPLIST_FILE = YES;
				INFOPLIST_FILE = "WEATHER PROJECT/Info.plist";
				INFOPLIST_KEY_UIApplicationSupportsIndirectInputEvents = YES;
				INFOPLIST_KEY_UILaunchStoryboardName = LaunchScreen;
				INFOPLIST_KEY_UISupportedInterfaceOrientations_iPad = "UIInterfaceOrientationPortrait UIInterfaceOrientationPortraitUpsideDown UIInterfaceOrientationLandscapeLeft UIInterfaceOrientationLandscapeRight";
				INFOPLIST_KEY_UISupportedInterfaceOrientations_iPhone = "UIInterfaceOrientationPortrait UIInterfaceOrientationLandscapeLeft UIInterfaceOrientationLandscapeRight";
				LD_RUNPATH_SEARCH_PATHS = (
					"$(inherited)",
					"@executable_path/Frameworks",
				);
				MARKETING_VERSION = 1.0;
				PRODUCT_BUNDLE_IDENTIFIER = "bk.WEATHER-PROJECT";
				PRODUCT_NAME = "$(TARGET_NAME)";
				SWIFT_EMIT_LOC_STRINGS = YES;
				SWIFT_VERSION = 5.0;
				TARGETED_DEVICE_FAMILY = "1,2";
			};
			name = Release;
		};
/* End XCBuildConfiguration section */

/* Begin XCConfigurationList section */
		406ECBB12BCAAE0E00382BDA /* Build configuration list for PBXProject "WEATHER PROJECT" */ = {
			isa = XCConfigurationList;
			buildConfigurations = (
				406ECBC82BCAAE0F00382BDA /* Debug */,
				406ECBC92BCAAE0F00382BDA /* Release */,
			);
			defaultConfigurationIsVisible = 0;
			defaultConfigurationName = Release;
		};
		406ECBCA2BCAAE0F00382BDA /* Build configuration list for PBXNativeTarget "WEATHER PROJECT" */ = {
			isa = XCConfigurationList;
			buildConfigurations = (
				406ECBCB2BCAAE0F00382BDA /* Debug */,
				406ECBCC2BCAAE0F00382BDA /* Release */,
			);
			defaultConfigurationIsVisible = 0;
			defaultConfigurationName = Release;
		};
/* End XCConfigurationList section */

/* Begin XCRemoteSwiftPackageReference section */
		406ECBCD2BCAAE3300382BDA /* XCRemoteSwiftPackageReference "SnapKit" */ = {
			isa = XCRemoteSwiftPackageReference;
			repositoryURL = "https://github.com/SnapKit/SnapKit";
			requirement = {
				kind = upToNextMajorVersion;
				minimumVersion = 5.7.1;
			};
		};
/* End XCRemoteSwiftPackageReference section */

/* Begin XCSwiftPackageProductDependency section */
		406ECBCE2BCAAE3300382BDA /* SnapKit */ = {
			isa = XCSwiftPackageProductDependency;
			package = 406ECBCD2BCAAE3300382BDA /* XCRemoteSwiftPackageReference "SnapKit" */;
			productName = SnapKit;
		};
		406ECBD02BCAAE3300382BDA /* SnapKit-Dynamic */ = {
			isa = XCSwiftPackageProductDependency;
			package = 406ECBCD2BCAAE3300382BDA /* XCRemoteSwiftPackageReference "SnapKit" */;
			productName = "SnapKit-Dynamic";
		};
/* End XCSwiftPackageProductDependency section */
	};
	rootObject = 406ECBAE2BCAAE0E00382BDA /* Project object */;
}
